// !$*UTF8*$!
{
	archiveVersion = 1;
	classes = {
	};
	objectVersion = 45;
	objects = {

/* Begin PBXBuildFile section */
		AA747D9F0F9514B9006C5449 /* AMStuff_Prefix.pch in Headers */ = {isa = PBXBuildFile; fileRef = AA747D9E0F9514B9006C5449 /* AMStuff_Prefix.pch */; };
		AACBBE4A0F95108600F1A2B1 /* Foundation.framework in Frameworks */ = {isa = PBXBuildFile; fileRef = AACBBE490F95108600F1A2B1 /* Foundation.framework */; };
		B35A47C7132E333A003817DA /* AMChildViewController.h in Headers */ = {isa = PBXBuildFile; fileRef = B35A47C3132E333A003817DA /* AMChildViewController.h */; };
		B35A47C8132E333A003817DA /* AMParentViewController.h in Headers */ = {isa = PBXBuildFile; fileRef = B35A47C4132E333A003817DA /* AMParentViewController.h */; };
		B35A47C9132E333A003817DA /* UIViewController+AMViewController.h in Headers */ = {isa = PBXBuildFile; fileRef = B35A47C5132E333A003817DA /* UIViewController+AMViewController.h */; };
		B35A47CA132E333A003817DA /* UIViewController+AMViewController.m in Sources */ = {isa = PBXBuildFile; fileRef = B35A47C6132E333A003817DA /* UIViewController+AMViewController.m */; };
		B35A47DB132E337C003817DA /* AMURLRequestManager.h in Headers */ = {isa = PBXBuildFile; fileRef = B35A47D2132E337C003817DA /* AMURLRequestManager.h */; };
		B35A47DC132E337C003817DA /* AMURLRequestManager.m in Sources */ = {isa = PBXBuildFile; fileRef = B35A47D3132E337C003817DA /* AMURLRequestManager.m */; };
		B35A47DD132E337C003817DA /* AMWebServiceCall.h in Headers */ = {isa = PBXBuildFile; fileRef = B35A47D4132E337C003817DA /* AMWebServiceCall.h */; };
		B35A47DE132E337C003817DA /* AMWebServiceSession.h in Headers */ = {isa = PBXBuildFile; fileRef = B35A47D5132E337C003817DA /* AMWebServiceSession.h */; };
		B35A47DF132E337C003817DA /* AMWebServiceSession.m in Sources */ = {isa = PBXBuildFile; fileRef = B35A47D6132E337C003817DA /* AMWebServiceSession.m */; };
		B35A47E0132E337C003817DA /* AMWebServiceCallSession.h in Headers */ = {isa = PBXBuildFile; fileRef = B35A47D7132E337C003817DA /* AMWebServiceCallSession.h */; };
		B35A47E1132E337C003817DA /* AMWebServiceCallSession.m in Sources */ = {isa = PBXBuildFile; fileRef = B35A47D8132E337C003817DA /* AMWebServiceCallSession.m */; };
		B35A47E2132E337C003817DA /* AMGetImageCall.h in Headers */ = {isa = PBXBuildFile; fileRef = B35A47D9132E337C003817DA /* AMGetImageCall.h */; };
		B35A47E3132E337C003817DA /* AMGetImageCall.m in Sources */ = {isa = PBXBuildFile; fileRef = B35A47DA132E337C003817DA /* AMGetImageCall.m */; };
		B35A4850132E387A003817DA /* UIColor+AMMoreColors.h in Headers */ = {isa = PBXBuildFile; fileRef = B35A484E132E387A003817DA /* UIColor+AMMoreColors.h */; };
		B35A4851132E387A003817DA /* UIColor+AMMoreColors.m in Sources */ = {isa = PBXBuildFile; fileRef = B35A484F132E387A003817DA /* UIColor+AMMoreColors.m */; };
		B35A4854132E3892003817DA /* AMUtility.m in Sources */ = {isa = PBXBuildFile; fileRef = B35A4852132E3892003817DA /* AMUtility.m */; };
		B35A4855132E3892003817DA /* AMUtility.h in Headers */ = {isa = PBXBuildFile; fileRef = B35A4853132E3892003817DA /* AMUtility.h */; };
/* End PBXBuildFile section */

/* Begin PBXFileReference section */
		AA747D9E0F9514B9006C5449 /* AMStuff_Prefix.pch */ = {isa = PBXFileReference; fileEncoding = 4; lastKnownFileType = sourcecode.c.h; path = AMStuff_Prefix.pch; sourceTree = SOURCE_ROOT; };
		AACBBE490F95108600F1A2B1 /* Foundation.framework */ = {isa = PBXFileReference; lastKnownFileType = wrapper.framework; name = Foundation.framework; path = System/Library/Frameworks/Foundation.framework; sourceTree = SDKROOT; };
		B35A47C3132E333A003817DA /* AMChildViewController.h */ = {isa = PBXFileReference; fileEncoding = 4; lastKnownFileType = sourcecode.c.h; path = AMChildViewController.h; sourceTree = "<group>"; };
		B35A47C4132E333A003817DA /* AMParentViewController.h */ = {isa = PBXFileReference; fileEncoding = 4; lastKnownFileType = sourcecode.c.h; path = AMParentViewController.h; sourceTree = "<group>"; };
		B35A47C5132E333A003817DA /* UIViewController+AMViewController.h */ = {isa = PBXFileReference; fileEncoding = 4; lastKnownFileType = sourcecode.c.h; path = "UIViewController+AMViewController.h"; sourceTree = "<group>"; };
		B35A47C6132E333A003817DA /* UIViewController+AMViewController.m */ = {isa = PBXFileReference; fileEncoding = 4; lastKnownFileType = sourcecode.c.objc; path = "UIViewController+AMViewController.m"; sourceTree = "<group>"; };
		B35A47D2132E337C003817DA /* AMURLRequestManager.h */ = {isa = PBXFileReference; fileEncoding = 4; lastKnownFileType = sourcecode.c.h; path = AMURLRequestManager.h; sourceTree = "<group>"; };
		B35A47D3132E337C003817DA /* AMURLRequestManager.m */ = {isa = PBXFileReference; fileEncoding = 4; lastKnownFileType = sourcecode.c.objc; path = AMURLRequestManager.m; sourceTree = "<group>"; };
		B35A47D4132E337C003817DA /* AMWebServiceCall.h */ = {isa = PBXFileReference; fileEncoding = 4; lastKnownFileType = sourcecode.c.h; path = AMWebServiceCall.h; sourceTree = "<group>"; };
		B35A47D5132E337C003817DA /* AMWebServiceSession.h */ = {isa = PBXFileReference; fileEncoding = 4; lastKnownFileType = sourcecode.c.h; path = AMWebServiceSession.h; sourceTree = "<group>"; };
		B35A47D6132E337C003817DA /* AMWebServiceSession.m */ = {isa = PBXFileReference; fileEncoding = 4; lastKnownFileType = sourcecode.c.objc; path = AMWebServiceSession.m; sourceTree = "<group>"; };
		B35A47D7132E337C003817DA /* AMWebServiceCallSession.h */ = {isa = PBXFileReference; fileEncoding = 4; lastKnownFileType = sourcecode.c.h; path = AMWebServiceCallSession.h; sourceTree = "<group>"; };
		B35A47D8132E337C003817DA /* AMWebServiceCallSession.m */ = {isa = PBXFileReference; fileEncoding = 4; lastKnownFileType = sourcecode.c.objc; path = AMWebServiceCallSession.m; sourceTree = "<group>"; };
		B35A47D9132E337C003817DA /* AMGetImageCall.h */ = {isa = PBXFileReference; fileEncoding = 4; lastKnownFileType = sourcecode.c.h; path = AMGetImageCall.h; sourceTree = "<group>"; };
		B35A47DA132E337C003817DA /* AMGetImageCall.m */ = {isa = PBXFileReference; fileEncoding = 4; lastKnownFileType = sourcecode.c.objc; path = AMGetImageCall.m; sourceTree = "<group>"; };
		B35A484E132E387A003817DA /* UIColor+AMMoreColors.h */ = {isa = PBXFileReference; fileEncoding = 4; lastKnownFileType = sourcecode.c.h; path = "UIColor+AMMoreColors.h"; sourceTree = "<group>"; };
		B35A484F132E387A003817DA /* UIColor+AMMoreColors.m */ = {isa = PBXFileReference; fileEncoding = 4; lastKnownFileType = sourcecode.c.objc; path = "UIColor+AMMoreColors.m"; sourceTree = "<group>"; };
		B35A4852132E3892003817DA /* AMUtility.m */ = {isa = PBXFileReference; fileEncoding = 4; lastKnownFileType = sourcecode.c.objc; path = AMUtility.m; sourceTree = "<group>"; };
		B35A4853132E3892003817DA /* AMUtility.h */ = {isa = PBXFileReference; fileEncoding = 4; lastKnownFileType = sourcecode.c.h; path = AMUtility.h; sourceTree = "<group>"; };
		D2AAC07E0554694100DB518D /* libAMStuff.a */ = {isa = PBXFileReference; explicitFileType = archive.ar; includeInIndex = 0; path = libAMStuff.a; sourceTree = BUILT_PRODUCTS_DIR; };
/* End PBXFileReference section */

/* Begin PBXFrameworksBuildPhase section */
		D2AAC07C0554694100DB518D /* Frameworks */ = {
			isa = PBXFrameworksBuildPhase;
			buildActionMask = 2147483647;
			files = (
				AACBBE4A0F95108600F1A2B1 /* Foundation.framework in Frameworks */,
			);
			runOnlyForDeploymentPostprocessing = 0;
		};
/* End PBXFrameworksBuildPhase section */

/* Begin PBXGroup section */
		034768DFFF38A50411DB9C8B /* Products */ = {
			isa = PBXGroup;
			children = (
				D2AAC07E0554694100DB518D /* libAMStuff.a */,
			);
			name = Products;
			sourceTree = "<group>";
		};
		0867D691FE84028FC02AAC07 /* AMStuff */ = {
			isa = PBXGroup;
			children = (
				B35A481B132E3813003817DA /* Base */,
				B35A47CD132E334B003817DA /* AMWebService */,
				B35A47B7132E3309003817DA /* AMViewController */,
				32C88DFF0371C24200C91783 /* Other Sources */,
				0867D69AFE84028FC02AAC07 /* Frameworks */,
				034768DFFF38A50411DB9C8B /* Products */,
			);
			name = AMStuff;
			sourceTree = "<group>";
		};
		0867D69AFE84028FC02AAC07 /* Frameworks */ = {
			isa = PBXGroup;
			children = (
				AACBBE490F95108600F1A2B1 /* Foundation.framework */,
			);
			name = Frameworks;
			sourceTree = "<group>";
		};
		32C88DFF0371C24200C91783 /* Other Sources */ = {
			isa = PBXGroup;
			children = (
				AA747D9E0F9514B9006C5449 /* AMStuff_Prefix.pch */,
			);
			name = "Other Sources";
			sourceTree = "<group>";
		};
		B35A47B7132E3309003817DA /* AMViewController */ = {
			isa = PBXGroup;
			children = (
				B35A47C3132E333A003817DA /* AMChildViewController.h */,
				B35A47C4132E333A003817DA /* AMParentViewController.h */,
				B35A47C5132E333A003817DA /* UIViewController+AMViewController.h */,
				B35A47C6132E333A003817DA /* UIViewController+AMViewController.m */,
			);
			path = AMViewController;
			sourceTree = "<group>";
		};
		B35A47CD132E334B003817DA /* AMWebService */ = {
			isa = PBXGroup;
			children = (
				B35A47D2132E337C003817DA /* AMURLRequestManager.h */,
				B35A47D3132E337C003817DA /* AMURLRequestManager.m */,
				B35A47D4132E337C003817DA /* AMWebServiceCall.h */,
				B35A47D5132E337C003817DA /* AMWebServiceSession.h */,
				B35A47D6132E337C003817DA /* AMWebServiceSession.m */,
				B35A47D7132E337C003817DA /* AMWebServiceCallSession.h */,
				B35A47D8132E337C003817DA /* AMWebServiceCallSession.m */,
				B35A47D9132E337C003817DA /* AMGetImageCall.h */,
				B35A47DA132E337C003817DA /* AMGetImageCall.m */,
			);
			path = AMWebService;
			sourceTree = "<group>";
		};
		B35A481B132E3813003817DA /* Base */ = {
			isa = PBXGroup;
			children = (
				B35A4852132E3892003817DA /* AMUtility.m */,
				B35A4853132E3892003817DA /* AMUtility.h */,
				B35A484E132E387A003817DA /* UIColor+AMMoreColors.h */,
				B35A484F132E387A003817DA /* UIColor+AMMoreColors.m */,
			);
			path = Base;
			sourceTree = "<group>";
		};
/* End PBXGroup section */

/* Begin PBXHeadersBuildPhase section */
		D2AAC07A0554694100DB518D /* Headers */ = {
			isa = PBXHeadersBuildPhase;
			buildActionMask = 2147483647;
			files = (
				AA747D9F0F9514B9006C5449 /* AMStuff_Prefix.pch in Headers */,
				B35A47C7132E333A003817DA /* AMChildViewController.h in Headers */,
				B35A47C8132E333A003817DA /* AMParentViewController.h in Headers */,
				B35A47C9132E333A003817DA /* UIViewController+AMViewController.h in Headers */,
				B35A47DB132E337C003817DA /* AMURLRequestManager.h in Headers */,
				B35A47DD132E337C003817DA /* AMWebServiceCall.h in Headers */,
				B35A47DE132E337C003817DA /* AMWebServiceSession.h in Headers */,
				B35A47E0132E337C003817DA /* AMWebServiceCallSession.h in Headers */,
				B35A47E2132E337C003817DA /* AMGetImageCall.h in Headers */,
				B35A4850132E387A003817DA /* UIColor+AMMoreColors.h in Headers */,
				B35A4855132E3892003817DA /* AMUtility.h in Headers */,
			);
			runOnlyForDeploymentPostprocessing = 0;
		};
/* End PBXHeadersBuildPhase section */

/* Begin PBXNativeTarget section */
		D2AAC07D0554694100DB518D /* AMStuff */ = {
			isa = PBXNativeTarget;
			buildConfigurationList = 1DEB921E08733DC00010E9CD /* Build configuration list for PBXNativeTarget "AMStuff" */;
			buildPhases = (
				D2AAC07A0554694100DB518D /* Headers */,
				D2AAC07B0554694100DB518D /* Sources */,
				D2AAC07C0554694100DB518D /* Frameworks */,
			);
			buildRules = (
			);
			dependencies = (
			);
			name = AMStuff;
			productName = AMStuff;
			productReference = D2AAC07E0554694100DB518D /* libAMStuff.a */;
			productType = "com.apple.product-type.library.static";
		};
/* End PBXNativeTarget section */

/* Begin PBXProject section */
		0867D690FE84028FC02AAC07 /* Project object */ = {
			isa = PBXProject;
			buildConfigurationList = 1DEB922208733DC00010E9CD /* Build configuration list for PBXProject "AMStuff" */;
			compatibilityVersion = "Xcode 3.1";
			developmentRegion = English;
			hasScannedForEncodings = 1;
			knownRegions = (
				English,
				Japanese,
				French,
				German,
			);
			mainGroup = 0867D691FE84028FC02AAC07 /* AMStuff */;
			productRefGroup = 034768DFFF38A50411DB9C8B /* Products */;
			projectDirPath = "";
			projectRoot = "";
			targets = (
				D2AAC07D0554694100DB518D /* AMStuff */,
			);
		};
/* End PBXProject section */

/* Begin PBXSourcesBuildPhase section */
		D2AAC07B0554694100DB518D /* Sources */ = {
			isa = PBXSourcesBuildPhase;
			buildActionMask = 2147483647;
			files = (
				B35A47CA132E333A003817DA /* UIViewController+AMViewController.m in Sources */,
				B35A47DC132E337C003817DA /* AMURLRequestManager.m in Sources */,
				B35A47DF132E337C003817DA /* AMWebServiceSession.m in Sources */,
				B35A47E1132E337C003817DA /* AMWebServiceCallSession.m in Sources */,
				B35A47E3132E337C003817DA /* AMGetImageCall.m in Sources */,
				B35A4851132E387A003817DA /* UIColor+AMMoreColors.m in Sources */,
				B35A4854132E3892003817DA /* AMUtility.m in Sources */,
			);
			runOnlyForDeploymentPostprocessing = 0;
		};
/* End PBXSourcesBuildPhase section */

/* Begin XCBuildConfiguration section */
		1DEB921F08733DC00010E9CD /* Debug */ = {
			isa = XCBuildConfiguration;
			buildSettings = {
				ALWAYS_SEARCH_USER_PATHS = NO;
				ARCHS = "$(ARCHS_STANDARD_32_BIT)";
				COPY_PHASE_STRIP = NO;
				DSTROOT = /tmp/AMStuff.dst;
				GCC_DYNAMIC_NO_PIC = NO;
				GCC_ENABLE_FIX_AND_CONTINUE = YES;
				GCC_MODEL_TUNING = G5;
				GCC_OPTIMIZATION_LEVEL = 0;
				GCC_PRECOMPILE_PREFIX_HEADER = YES;
				GCC_PREFIX_HEADER = AMStuff_Prefix.pch;
				INSTALL_PATH = /usr/local/lib;
				PRODUCT_NAME = AMStuff;
			};
			name = Debug;
		};
		1DEB922008733DC00010E9CD /* Release */ = {
			isa = XCBuildConfiguration;
			buildSettings = {
				ALWAYS_SEARCH_USER_PATHS = NO;
				ARCHS = "$(ARCHS_STANDARD_32_BIT)";
				DSTROOT = /tmp/AMStuff.dst;
				GCC_MODEL_TUNING = G5;
				GCC_PRECOMPILE_PREFIX_HEADER = YES;
				GCC_PREFIX_HEADER = AMStuff_Prefix.pch;
				INSTALL_PATH = /usr/local/lib;
				PRODUCT_NAME = AMStuff;
			};
			name = Release;
		};
		1DEB922308733DC00010E9CD /* Debug */ = {
			isa = XCBuildConfiguration;
			buildSettings = {
				ARCHS = "$(ARCHS_STANDARD_32_BIT)";
				GCC_C_LANGUAGE_STANDARD = c99;
				GCC_OPTIMIZATION_LEVEL = 0;
				GCC_WARN_ABOUT_RETURN_TYPE = YES;
				GCC_WARN_UNUSED_VARIABLE = YES;
				OTHER_LDFLAGS = "-ObjC";
				PREBINDING = NO;
				SDKROOT = iphoneos;
			};
			name = Debug;
		};
		1DEB922408733DC00010E9CD /* Release */ = {
			isa = XCBuildConfiguration;
			buildSettings = {
				ARCHS = "$(ARCHS_STANDARD_32_BIT)";
				GCC_C_LANGUAGE_STANDARD = c99;
				GCC_WARN_ABOUT_RETURN_TYPE = YES;
				GCC_WARN_UNUSED_VARIABLE = YES;
				OTHER_LDFLAGS = "-ObjC";
				PREBINDING = NO;
				SDKROOT = iphoneos;
			};
			name = Release;
		};
/* End XCBuildConfiguration section */

/* Begin XCConfigurationList section */
		1DEB921E08733DC00010E9CD /* Build configuration list for PBXNativeTarget "AMStuff" */ = {
			isa = XCConfigurationList;
			buildConfigurations = (
				1DEB921F08733DC00010E9CD /* Debug */,
				1DEB922008733DC00010E9CD /* Release */,
			);
			defaultConfigurationIsVisible = 0;
			defaultConfigurationName = Release;
		};
		1DEB922208733DC00010E9CD /* Build configuration list for PBXProject "AMStuff" */ = {
			isa = XCConfigurationList;
			buildConfigurations = (
				1DEB922308733DC00010E9CD /* Debug */,
				1DEB922408733DC00010E9CD /* Release */,
			);
			defaultConfigurationIsVisible = 0;
			defaultConfigurationName = Release;
		};
/* End XCConfigurationList section */
	};
	rootObject = 0867D690FE84028FC02AAC07 /* Project object */;
}
